{
  "version": 4,
  "terraform_version": "1.3.6",
  "serial": 47,
  "lineage": "16fb94fb-a377-42c0-159a-4cc6bdc1b9f1",
  "outputs": {},
  "resources": [
    {
      "mode": "managed",
      "type": "proxmox_vm_qemu",
      "name": "proxmox_vm",
      "provider": "provider[\"registry.terraform.io/telmate/proxmox\"]",
      "instances": [
        {
          "index_key": 0,
          "schema_version": 0,
          "attributes": {
            "additional_wait": 15,
            "agent": 0,
            "args": "",
            "balloon": 0,
            "bios": "seabios",
            "boot": "order=sata0",
            "bootdisk": "",
            "bridge": "",
            "ci_wait": null,
            "cicustom": "",
            "cipassword": "",
            "ciuser": "marcelo",
            "clone": "Ubuntu-template",
            "clone_wait": 15,
            "cloudinit_cdrom_storage": null,
            "cores": 2,
            "cpu": "host",
            "default_ipv4_address": "192.168.0.160",
            "define_connection_info": true,
            "desc": "",
            "disk": [],
            "disk_gb": 0,
            "force_create": false,
            "force_recreate_on_change_of": null,
            "full_clone": true,
            "guest_agent_ready_timeout": 600,
            "hastate": "",
            "hotplug": "network,disk,usb",
            "id": "mbj/qemu/107",
            "ipconfig0": "ip=dhcp",
            "ipconfig1": "",
            "ipconfig2": "",
            "iso": null,
            "kvm": true,
            "mac": "",
            "memory": 2048,
            "name": "Ubuntu-terraform-0",
            "nameserver": "",
            "network": [
              {
                "bridge": "vmbr0",
                "firewall": true,
                "link_down": false,
                "macaddr": "86:59:5B:C5:87:29",
                "model": "virtio",
                "queues": 0,
                "rate": 0,
                "tag": -1
              }
            ],
            "nic": "",
            "numa": false,
            "onboot": true,
            "os_network_config": null,
            "os_type": "cloud-init",
            "pool": "",
            "preprovision": true,
            "qemu_os": "l26",
            "reboot_required": false,
            "scsihw": "virtio-scsi-pci",
            "searchdomain": "",
            "serial": [],
            "sockets": 1,
            "ssh_forward_ip": null,
            "ssh_host": "",
            "ssh_port": "22107",
            "ssh_private_key": null,
            "ssh_user": null,
            "sshkeys": "ssh-rsa AAAAB3NzaC1yc2EAAAADAQABAAABgQCStIRocn3UOL15XHjo3bq7ECNg1YBcJMt956oHG5ShORrvZzvDChCtH1UDO4YD4dDEUCxoKvsrYzOyLTrLjN+mukq/jDUceNOoIRDfcqSkZKWpYWmt6QB0tcwpgWACzcJzc0H7HZyr5vxoN18yekHFf1vlBLLd2iGM6PFDvqlCPMC4g2sPmqYI3pyC/2M+21T/g+61kYTZiGJIkYZfG+Ql8uFYxRflp2W9/7VnS4H2o07N4We2NV98zSFxXjsJtLEn51uz0aJAer1Qjkv99mu6K/n64fmxT7xprZ9mNWBQCgFKB7a1v6x//sgi6ZH6hBPmqXGJ8md3HahF7+mYeQJJGjltuCDtVQiNZUwK+tLZ4Pno77TEf9A4A5ChRc0bgRngMwSJ0/ZbHtgxYtdKJTPvA28rOookMnk6+S5WBZv4C/a5ECp7KWiA0GD1iSRK9eTv3ogmgoUnZ6Gc52EaFYIP7SVEOGL5vB/5/H14Qsa4kDQ8UkPVpENdwk9K+AMX6v0= marcelo@fedora",
            "storage": "",
            "storage_type": "",
            "tags": "",
            "target_node": "mbj",
            "unused_disk": [],
            "vcpus": 0,
            "vga": [],
            "vlan": -1,
            "vmid": null
          },
          "sensitive_attributes": [],
          "private": "bnVsbA=="
        }
      ]
    }
  ],
  "check_results": null
}
